// !$*UTF8*$!
{
	archiveVersion = 1;
	classes = {
	};
	objectVersion = 46;
	objects = {
		B2A2D94BC0E5A82DA3503E81 = {
			isa = XCBuildConfiguration;
			buildSettings = {
				COPY_PHASE_STRIP = "NO";
			};
			name = "Debug";
		};
		026D935CF87BC5A57D066772 = {
			buildRules = (
				);
			buildSettings = {
				COPY_PHASE_STRIP = "NO";
			};
			isa = PBXBuildStyle;
			name = "Debug";
		};
		C6EE5F4E4F422FDDBF285003 = {
			isa = XCBuildConfiguration;
			buildSettings = {
				COPY_PHASE_STRIP = "YES";
				GCC_GENERATE_DEBUGGING_SYMBOLS = "NO";
			};
			name = "Release";
		};
		17D1799BD08EB4FFE0CBC60F = {
			buildRules = (
				);
			buildSettings = {
				COPY_PHASE_STRIP = "YES";
				GCC_GENERATE_DEBUGGING_SYMBOLS = "NO";
			};
			isa = PBXBuildStyle;
			name = "Release";
		};
		30E61B081CF688BCA30A6135 = {
			isa = XCConfigurationList;
			buildConfigurations = (
				"B2A2D94BC0E5A82DA3503E81",
				"C6EE5F4E4F422FDDBF285003");
			defaultConfigurationIsVisible = 0;
			defaultConfigurationIsName = "Debug";
		};
		0E71022E8970293824BA089C = {
			children = (
				);
			isa = PBXGroup;
			refType = 4;
			sourceTree = "<group>";
		};
		83F5E4B52EF1918F746DF6D4 = {
			buildSettings = {
			};
			buildStyles = (
				"026D935CF87BC5A57D066772",
				"17D1799BD08EB4FFE0CBC60F");
			isa = PBXProject;
			mainGroup = "0E71022E8970293824BA089C";
			projectDirPath = "";
			buildConfigurationList = "30E61B081CF688BCA30A6135";
			projectReferences = (
			);
			targets = (
				);
		};
	};
	rootObject = "83F5E4B52EF1918F746DF6D4";
}
